
Microsoft Visual Studio Solution File, Format Version 12.00
# Visual Studio 14
VisualStudioVersion = 14.0.25420.1
MinimumVisualStudioVersion = 10.0.40219.1
Project("{FAE04EC0-301F-11D3-BF4B-00C04F79EFBC}") = "JVM", "JVM\JVM.csproj", "{FE8BBF2B-2DE6-4566-B038-D94CC927C04D}"
EndProject
Project("{FAE04EC0-301F-11D3-BF4B-00C04F79EFBC}") = "javac", "javac\javac.csproj", "{758F5AD0-B997-4DCB-B004-B42386508716}"
EndProject
Global
	GlobalSection(SolutionConfigurationPlatforms) = preSolution
		Debug|Any CPU = Debug|Any CPU
		Release|Any CPU = Release|Any CPU
	EndGlobalSection
	GlobalSection(ProjectConfigurationPlatforms) = postSolution
		{FE8BBF2B-2DE6-4566-B038-D94CC927C04D}.Debug|Any CPU.ActiveCfg = Debug|Any CPU
		{FE8BBF2B-2DE6-4566-B038-D94CC927C04D}.Debug|Any CPU.Build.0 = Debug|Any CPU
		{FE8BBF2B-2DE6-4566-B038-D94CC927C04D}.Release|Any CPU.ActiveCfg = Release|Any CPU
		{FE8BBF2B-2DE6-4566-B038-D94CC927C04D}.Release|Any CPU.Build.0 = Release|Any CPU
		{758F5AD0-B997-4DCB-B004-B42386508716}.Debug|Any CPU.ActiveCfg = Debug|Any CPU
		{758F5AD0-B997-4DCB-B004-B42386508716}.Debug|Any CPU.Build.0 = Debug|Any CPU
		{758F5AD0-B997-4DCB-B004-B42386508716}.Release|Any CPU.ActiveCfg = Release|Any CPU
		{758F5AD0-B997-4DCB-B004-B42386508716}.Release|Any CPU.Build.0 = Release|Any CPU
	EndGlobalSection
	GlobalSection(SolutionProperties) = preSolution
		HideSolutionNode = FALSE
	EndGlobalSection
EndGlobal
